
Microsoft Visual Studio Solution File, Format Version 12.00
# Visual Studio Version 17
VisualStudioVersion = 17.8.34601.278
MinimumVisualStudioVersion = 10.0.40219.1
Project("{FAE04EC0-301F-11D3-BF4B-00C04F79EFBC}") = "CoinTracker", "CoinTracker.csproj", "{0892592F-7DFC-4B53-BCCE-4DFCCBAA02CA}"
EndProject
Global
	GlobalSection(SolutionConfigurationPlatforms) = preSolution
		Debug|Any CPU = Debug|Any CPU
		Release|Any CPU = Release|Any CPU
	EndGlobalSection
	GlobalSection(ProjectConfigurationPlatforms) = postSolution
		{0892592F-7DFC-4B53-BCCE-4DFCCBAA02CA}.Debug|Any CPU.ActiveCfg = Debug|Any CPU
		{0892592F-7DFC-4B53-BCCE-4DFCCBAA02CA}.Debug|Any CPU.Build.0 = Debug|Any CPU
		{0892592F-7DFC-4B53-BCCE-4DFCCBAA02CA}.Release|Any CPU.ActiveCfg = Release|Any CPU
		{0892592F-7DFC-4B53-BCCE-4DFCCBAA02CA}.Release|Any CPU.Build.0 = Release|Any CPU
	EndGlobalSection
	GlobalSection(SolutionProperties) = preSolution
		HideSolutionNode = FALSE
	EndGlobalSection
	GlobalSection(ExtensibilityGlobals) = postSolution
		SolutionGuid = {C7586F02-E724-4297-8E8E-1A6D708F80D6}
	EndGlobalSection
EndGlobal
